// !$*UTF8*$!
{
	archiveVersion = 1;
	classes = {
	};
	objectVersion = 50;
	objects = {

/* Begin PBXBuildFile section */
		1F217E892228601C0024D537 /* AppDelegate.swift in Sources */ = {isa = PBXBuildFile; fileRef = 1F217E882228601C0024D537 /* AppDelegate.swift */; };
		1F217E8B2228601C0024D537 /* ViewController.swift in Sources */ = {isa = PBXBuildFile; fileRef = 1F217E8A2228601C0024D537 /* ViewController.swift */; };
		1F217E8E2228601C0024D537 /* Main.storyboard in Resources */ = {isa = PBXBuildFile; fileRef = 1F217E8C2228601C0024D537 /* Main.storyboard */; };
		1F217E932228601E0024D537 /* LaunchScreen.storyboard in Resources */ = {isa = PBXBuildFile; fileRef = 1F217E912228601E0024D537 /* LaunchScreen.storyboard */; };
		1F217E9D2228791A0024D537 /* ApiClient.swift in Sources */ = {isa = PBXBuildFile; fileRef = 1F217E9C2228791A0024D537 /* ApiClient.swift */; };
		1F217E9F222941220024D537 /* ZipcodeRouter.swift in Sources */ = {isa = PBXBuildFile; fileRef = 1F217E9E222941220024D537 /* ZipcodeRouter.swift */; };
		1F217EA2222943E90024D537 /* ZipcodeService.swift in Sources */ = {isa = PBXBuildFile; fileRef = 1F217EA1222943E90024D537 /* ZipcodeService.swift */; };
		1F217EA522295AE00024D537 /* Zipcode.swift in Sources */ = {isa = PBXBuildFile; fileRef = 1F217EA422295AE00024D537 /* Zipcode.swift */; };
		1F217EA822295BAD0024D537 /* NetworkRouter.swift in Sources */ = {isa = PBXBuildFile; fileRef = 1F217EA722295BAD0024D537 /* NetworkRouter.swift */; };
		1F217EAB22295ED90024D537 /* ZipcodesController.swift in Sources */ = {isa = PBXBuildFile; fileRef = 1F217EAA22295ED90024D537 /* ZipcodesController.swift */; };
		1F217EAD22295F340024D537 /* MainTabBarController.swift in Sources */ = {isa = PBXBuildFile; fileRef = 1F217EAC22295F340024D537 /* MainTabBarController.swift */; };
		1F217EAF22296BA80024D537 /* Assets.xcassets in Resources */ = {isa = PBXBuildFile; fileRef = 1F217EAE22296BA80024D537 /* Assets.xcassets */; };
		1F217EB2222971870024D537 /* ZipcodeModel.xcdatamodeld in Sources */ = {isa = PBXBuildFile; fileRef = 1F217EB0222971870024D537 /* ZipcodeModel.xcdatamodeld */; };
		1F217EB52229A2AF0024D537 /* CoreDataManager.swift in Sources */ = {isa = PBXBuildFile; fileRef = 1F217EB42229A2AF0024D537 /* CoreDataManager.swift */; };
		1F4004E8222DACBC00A5FAE1 /* ImageTableController.swift in Sources */ = {isa = PBXBuildFile; fileRef = 1F4004E7222DACBC00A5FAE1 /* ImageTableController.swift */; };
		1FF6FC5F222BFB3A00F21EF8 /* AppConfiguration.swift in Sources */ = {isa = PBXBuildFile; fileRef = 1FF6FC5E222BFB3A00F21EF8 /* AppConfiguration.swift */; };
		1FF6FC64222BFB6C00F21EF8 /* TextFieldListCell.swift in Sources */ = {isa = PBXBuildFile; fileRef = 1FF6FC62222BFB6C00F21EF8 /* TextFieldListCell.swift */; };
		1FF6FC65222BFB6C00F21EF8 /* TextFieldListController.swift in Sources */ = {isa = PBXBuildFile; fileRef = 1FF6FC63222BFB6C00F21EF8 /* TextFieldListController.swift */; };
		1FF6FC68222BFB7800F21EF8 /* WebController.swift in Sources */ = {isa = PBXBuildFile; fileRef = 1FF6FC67222BFB7800F21EF8 /* WebController.swift */; };
		1FF6FC6B222BFCFB00F21EF8 /* Extension+UIView.swift in Sources */ = {isa = PBXBuildFile; fileRef = 1FF6FC6A222BFCFB00F21EF8 /* Extension+UIView.swift */; };
/* End PBXBuildFile section */

/* Begin PBXFileReference section */
		1F217E852228601C0024D537 /* WTest.app */ = {isa = PBXFileReference; explicitFileType = wrapper.application; includeInIndex = 0; path = WTest.app; sourceTree = BUILT_PRODUCTS_DIR; };
		1F217E882228601C0024D537 /* AppDelegate.swift */ = {isa = PBXFileReference; lastKnownFileType = sourcecode.swift; path = AppDelegate.swift; sourceTree = "<group>"; };
		1F217E8A2228601C0024D537 /* ViewController.swift */ = {isa = PBXFileReference; lastKnownFileType = sourcecode.swift; path = ViewController.swift; sourceTree = "<group>"; };
		1F217E8D2228601C0024D537 /* Base */ = {isa = PBXFileReference; lastKnownFileType = file.storyboard; name = Base; path = Base.lproj/Main.storyboard; sourceTree = "<group>"; };
		1F217E922228601E0024D537 /* Base */ = {isa = PBXFileReference; lastKnownFileType = file.storyboard; name = Base; path = Base.lproj/LaunchScreen.storyboard; sourceTree = "<group>"; };
		1F217E942228601E0024D537 /* Info.plist */ = {isa = PBXFileReference; lastKnownFileType = text.plist.xml; path = Info.plist; sourceTree = "<group>"; };
		1F217E9C2228791A0024D537 /* ApiClient.swift */ = {isa = PBXFileReference; lastKnownFileType = sourcecode.swift; path = ApiClient.swift; sourceTree = "<group>"; };
		1F217E9E222941220024D537 /* ZipcodeRouter.swift */ = {isa = PBXFileReference; lastKnownFileType = sourcecode.swift; path = ZipcodeRouter.swift; sourceTree = "<group>"; };
		1F217EA1222943E90024D537 /* ZipcodeService.swift */ = {isa = PBXFileReference; lastKnownFileType = sourcecode.swift; path = ZipcodeService.swift; sourceTree = "<group>"; };
		1F217EA422295AE00024D537 /* Zipcode.swift */ = {isa = PBXFileReference; lastKnownFileType = sourcecode.swift; path = Zipcode.swift; sourceTree = "<group>"; };
		1F217EA722295BAD0024D537 /* NetworkRouter.swift */ = {isa = PBXFileReference; lastKnownFileType = sourcecode.swift; path = NetworkRouter.swift; sourceTree = "<group>"; };
		1F217EAA22295ED90024D537 /* ZipcodesController.swift */ = {isa = PBXFileReference; lastKnownFileType = sourcecode.swift; path = ZipcodesController.swift; sourceTree = "<group>"; };
		1F217EAC22295F340024D537 /* MainTabBarController.swift */ = {isa = PBXFileReference; lastKnownFileType = sourcecode.swift; path = MainTabBarController.swift; sourceTree = "<group>"; };
		1F217EAE22296BA80024D537 /* Assets.xcassets */ = {isa = PBXFileReference; lastKnownFileType = folder.assetcatalog; path = Assets.xcassets; sourceTree = "<group>"; };
		1F217EB1222971870024D537 /* ZipcodeModel.xcdatamodel */ = {isa = PBXFileReference; lastKnownFileType = wrapper.xcdatamodel; path = ZipcodeModel.xcdatamodel; sourceTree = "<group>"; };
		1F217EB42229A2AF0024D537 /* CoreDataManager.swift */ = {isa = PBXFileReference; lastKnownFileType = sourcecode.swift; path = CoreDataManager.swift; sourceTree = "<group>"; };
		1F4004E7222DACBC00A5FAE1 /* ImageTableController.swift */ = {isa = PBXFileReference; lastKnownFileType = sourcecode.swift; path = ImageTableController.swift; sourceTree = "<group>"; };
		1FF6FC5E222BFB3A00F21EF8 /* AppConfiguration.swift */ = {isa = PBXFileReference; fileEncoding = 4; lastKnownFileType = sourcecode.swift; path = AppConfiguration.swift; sourceTree = "<group>"; };
		1FF6FC62222BFB6C00F21EF8 /* TextFieldListCell.swift */ = {isa = PBXFileReference; fileEncoding = 4; lastKnownFileType = sourcecode.swift; path = TextFieldListCell.swift; sourceTree = "<group>"; };
		1FF6FC63222BFB6C00F21EF8 /* TextFieldListController.swift */ = {isa = PBXFileReference; fileEncoding = 4; lastKnownFileType = sourcecode.swift; path = TextFieldListController.swift; sourceTree = "<group>"; };
		1FF6FC67222BFB7800F21EF8 /* WebController.swift */ = {isa = PBXFileReference; fileEncoding = 4; lastKnownFileType = sourcecode.swift; path = WebController.swift; sourceTree = "<group>"; };
		1FF6FC6A222BFCFB00F21EF8 /* Extension+UIView.swift */ = {isa = PBXFileReference; lastKnownFileType = sourcecode.swift; path = "Extension+UIView.swift"; sourceTree = "<group>"; };
/* End PBXFileReference section */

/* Begin PBXFrameworksBuildPhase section */
		1F217E822228601C0024D537 /* Frameworks */ = {
			isa = PBXFrameworksBuildPhase;
			buildActionMask = 2147483647;
			files = (
			);
			runOnlyForDeploymentPostprocessing = 0;
		};
/* End PBXFrameworksBuildPhase section */

/* Begin PBXGroup section */
		1F217E7C2228601C0024D537 = {
			isa = PBXGroup;
			children = (
				1F217E872228601C0024D537 /* WTest */,
				1F217E862228601C0024D537 /* Products */,
			);
			sourceTree = "<group>";
		};
		1F217E862228601C0024D537 /* Products */ = {
			isa = PBXGroup;
			children = (
				1F217E852228601C0024D537 /* WTest.app */,
			);
			name = Products;
			sourceTree = "<group>";
		};
		1F217E872228601C0024D537 /* WTest */ = {
			isa = PBXGroup;
			children = (
				1FF6FC69222BFCE100F21EF8 /* Extensions */,
				1FF6FC5D222BFB3A00F21EF8 /* Configuration */,
				1F217EB32229A2870024D537 /* CoreData */,
				1F217EA322295AD20024D537 /* Models */,
				1F217E9A222878CA0024D537 /* Network */,
				1F217EA922295EA60024D537 /* Ex1 */,
				1F4004E6222DAC9A00A5FAE1 /* Ex2 */,
				1FF6FC61222BFB6C00F21EF8 /* Ex3 */,
				1FF6FC66222BFB7800F21EF8 /* Ex4 */,
				1F217E882228601C0024D537 /* AppDelegate.swift */,
				1F217EAC22295F340024D537 /* MainTabBarController.swift */,
				1F217E8A2228601C0024D537 /* ViewController.swift */,
				1F217E8C2228601C0024D537 /* Main.storyboard */,
				1F217E912228601E0024D537 /* LaunchScreen.storyboard */,
				1F217E942228601E0024D537 /* Info.plist */,
				1F217EAE22296BA80024D537 /* Assets.xcassets */,
			);
			path = WTest;
			sourceTree = "<group>";
		};
		1F217E9A222878CA0024D537 /* Network */ = {
			isa = PBXGroup;
			children = (
				1F217EA622295B950024D537 /* Protocols */,
				1F217EA0222943D80024D537 /* Services */,
				1F217E9B222878D80024D537 /* Router */,
				1F217E9C2228791A0024D537 /* ApiClient.swift */,
			);
			path = Network;
			sourceTree = "<group>";
		};
		1F217E9B222878D80024D537 /* Router */ = {
			isa = PBXGroup;
			children = (
				1F217E9E222941220024D537 /* ZipcodeRouter.swift */,
			);
			path = Router;
			sourceTree = "<group>";
		};
		1F217EA0222943D80024D537 /* Services */ = {
			isa = PBXGroup;
			children = (
				1F217EA1222943E90024D537 /* ZipcodeService.swift */,
			);
			path = Services;
			sourceTree = "<group>";
		};
		1F217EA322295AD20024D537 /* Models */ = {
			isa = PBXGroup;
			children = (
				1F217EA422295AE00024D537 /* Zipcode.swift */,
			);
			path = Models;
			sourceTree = "<group>";
		};
		1F217EA622295B950024D537 /* Protocols */ = {
			isa = PBXGroup;
			children = (
				1F217EA722295BAD0024D537 /* NetworkRouter.swift */,
			);
			path = Protocols;
			sourceTree = "<group>";
		};
		1F217EA922295EA60024D537 /* Ex1 */ = {
			isa = PBXGroup;
			children = (
				1F217EAA22295ED90024D537 /* ZipcodesController.swift */,
			);
			path = Ex1;
			sourceTree = "<group>";
		};
		1F217EB32229A2870024D537 /* CoreData */ = {
			isa = PBXGroup;
			children = (
				1F217EB42229A2AF0024D537 /* CoreDataManager.swift */,
				1F217EB0222971870024D537 /* ZipcodeModel.xcdatamodeld */,
			);
			path = CoreData;
			sourceTree = "<group>";
		};
		1F4004E6222DAC9A00A5FAE1 /* Ex2 */ = {
			isa = PBXGroup;
			children = (
				1F4004E7222DACBC00A5FAE1 /* ImageTableController.swift */,
			);
			path = Ex2;
			sourceTree = "<group>";
		};
		1FF6FC5D222BFB3A00F21EF8 /* Configuration */ = {
			isa = PBXGroup;
			children = (
				1FF6FC5E222BFB3A00F21EF8 /* AppConfiguration.swift */,
			);
			path = Configuration;
			sourceTree = "<group>";
		};
		1FF6FC61222BFB6C00F21EF8 /* Ex3 */ = {
			isa = PBXGroup;
			children = (
				1FF6FC62222BFB6C00F21EF8 /* TextFieldListCell.swift */,
				1FF6FC63222BFB6C00F21EF8 /* TextFieldListController.swift */,
			);
			path = Ex3;
			sourceTree = "<group>";
		};
		1FF6FC66222BFB7800F21EF8 /* Ex4 */ = {
			isa = PBXGroup;
			children = (
				1FF6FC67222BFB7800F21EF8 /* WebController.swift */,
			);
			path = Ex4;
			sourceTree = "<group>";
		};
		1FF6FC69222BFCE100F21EF8 /* Extensions */ = {
			isa = PBXGroup;
			children = (
				1FF6FC6A222BFCFB00F21EF8 /* Extension+UIView.swift */,
			);
			path = Extensions;
			sourceTree = "<group>";
		};
/* End PBXGroup section */

/* Begin PBXNativeTarget section */
		1F217E842228601C0024D537 /* WTest */ = {
			isa = PBXNativeTarget;
			buildConfigurationList = 1F217E972228601E0024D537 /* Build configuration list for PBXNativeTarget "WTest" */;
			buildPhases = (
				1F217E812228601C0024D537 /* Sources */,
				1F217E822228601C0024D537 /* Frameworks */,
				1F217E832228601C0024D537 /* Resources */,
			);
			buildRules = (
			);
			dependencies = (
			);
			name = WTest;
			productName = WTest;
			productReference = 1F217E852228601C0024D537 /* WTest.app */;
			productType = "com.apple.product-type.application";
		};
/* End PBXNativeTarget section */

/* Begin PBXProject section */
		1F217E7D2228601C0024D537 /* Project object */ = {
			isa = PBXProject;
			attributes = {
				LastSwiftUpdateCheck = 1010;
				LastUpgradeCheck = 1010;
				ORGANIZATIONNAME = "Nuno Pereira";
				TargetAttributes = {
					1F217E842228601C0024D537 = {
						CreatedOnToolsVersion = 10.1;
					};
				};
			};
			buildConfigurationList = 1F217E802228601C0024D537 /* Build configuration list for PBXProject "WTest" */;
			compatibilityVersion = "Xcode 9.3";
			developmentRegion = en;
			hasScannedForEncodings = 0;
			knownRegions = (
				en,
				Base,
			);
			mainGroup = 1F217E7C2228601C0024D537;
			productRefGroup = 1F217E862228601C0024D537 /* Products */;
			projectDirPath = "";
			projectRoot = "";
			targets = (
				1F217E842228601C0024D537 /* WTest */,
			);
		};
/* End PBXProject section */

/* Begin PBXResourcesBuildPhase section */
		1F217E832228601C0024D537 /* Resources */ = {
			isa = PBXResourcesBuildPhase;
			buildActionMask = 2147483647;
			files = (
				1F217E932228601E0024D537 /* LaunchScreen.storyboard in Resources */,
				1F217EAF22296BA80024D537 /* Assets.xcassets in Resources */,
				1F217E8E2228601C0024D537 /* Main.storyboard in Resources */,
			);
			runOnlyForDeploymentPostprocessing = 0;
		};
/* End PBXResourcesBuildPhase section */

/* Begin PBXSourcesBuildPhase section */
		1F217E812228601C0024D537 /* Sources */ = {
			isa = PBXSourcesBuildPhase;
			buildActionMask = 2147483647;
			files = (
				1F217EAB22295ED90024D537 /* ZipcodesController.swift in Sources */,
				1F4004E8222DACBC00A5FAE1 /* ImageTableController.swift in Sources */,
				1F217E8B2228601C0024D537 /* ViewController.swift in Sources */,
				1FF6FC6B222BFCFB00F21EF8 /* Extension+UIView.swift in Sources */,
				1FF6FC68222BFB7800F21EF8 /* WebController.swift in Sources */,
				1F217E9F222941220024D537 /* ZipcodeRouter.swift in Sources */,
				1F217E892228601C0024D537 /* AppDelegate.swift in Sources */,
				1F217EA2222943E90024D537 /* ZipcodeService.swift in Sources */,
				1F217EA522295AE00024D537 /* Zipcode.swift in Sources */,
				1FF6FC5F222BFB3A00F21EF8 /* AppConfiguration.swift in Sources */,
				1FF6FC65222BFB6C00F21EF8 /* TextFieldListController.swift in Sources */,
				1F217EB2222971870024D537 /* ZipcodeModel.xcdatamodeld in Sources */,
				1F217E9D2228791A0024D537 /* ApiClient.swift in Sources */,
				1F217EAD22295F340024D537 /* MainTabBarController.swift in Sources */,
				1FF6FC64222BFB6C00F21EF8 /* TextFieldListCell.swift in Sources */,
				1F217EA822295BAD0024D537 /* NetworkRouter.swift in Sources */,
				1F217EB52229A2AF0024D537 /* CoreDataManager.swift in Sources */,
			);
			runOnlyForDeploymentPostprocessing = 0;
		};
/* End PBXSourcesBuildPhase section */

/* Begin PBXVariantGroup section */
		1F217E8C2228601C0024D537 /* Main.storyboard */ = {
			isa = PBXVariantGroup;
			children = (
				1F217E8D2228601C0024D537 /* Base */,
			);
			name = Main.storyboard;
			sourceTree = "<group>";
		};
		1F217E912228601E0024D537 /* LaunchScreen.storyboard */ = {
			isa = PBXVariantGroup;
			children = (
				1F217E922228601E0024D537 /* Base */,
			);
			name = LaunchScreen.storyboard;
			sourceTree = "<group>";
		};
/* End PBXVariantGroup section */

/* Begin XCBuildConfiguration section */
		1F217E952228601E0024D537 /* Debug */ = {
			isa = XCBuildConfiguration;
			buildSettings = {
				ALWAYS_SEARCH_USER_PATHS = NO;
				CLANG_ANALYZER_NONNULL = YES;
				CLANG_ANALYZER_NUMBER_OBJECT_CONVERSION = YES_AGGRESSIVE;
				CLANG_CXX_LANGUAGE_STANDARD = "gnu++14";
				CLANG_CXX_LIBRARY = "libc++";
				CLANG_ENABLE_MODULES = YES;
				CLANG_ENABLE_OBJC_ARC = YES;
				CLANG_ENABLE_OBJC_WEAK = YES;
				CLANG_WARN_BLOCK_CAPTURE_AUTORELEASING = YES;
				CLANG_WARN_BOOL_CONVERSION = YES;
				CLANG_WARN_COMMA = YES;
				CLANG_WARN_CONSTANT_CONVERSION = YES;
				CLANG_WARN_DEPRECATED_OBJC_IMPLEMENTATIONS = YES;
				CLANG_WARN_DIRECT_OBJC_ISA_USAGE = YES_ERROR;
				CLANG_WARN_DOCUMENTATION_COMMENTS = YES;
				CLANG_WARN_EMPTY_BODY = YES;
				CLANG_WARN_ENUM_CONVERSION = YES;
				CLANG_WARN_INFINITE_RECURSION = YES;
				CLANG_WARN_INT_CONVERSION = YES;
				CLANG_WARN_NON_LITERAL_NULL_CONVERSION = YES;
				CLANG_WARN_OBJC_IMPLICIT_RETAIN_SELF = YES;
				CLANG_WARN_OBJC_LITERAL_CONVERSION = YES;
				CLANG_WARN_OBJC_ROOT_CLASS = YES_ERROR;
				CLANG_WARN_RANGE_LOOP_ANALYSIS = YES;
				CLANG_WARN_STRICT_PROTOTYPES = YES;
				CLANG_WARN_SUSPICIOUS_MOVE = YES;
				CLANG_WARN_UNGUARDED_AVAILABILITY = YES_AGGRESSIVE;
				CLANG_WARN_UNREACHABLE_CODE = YES;
				CLANG_WARN__DUPLICATE_METHOD_MATCH = YES;
				CODE_SIGN_IDENTITY = "iPhone Developer";
				COPY_PHASE_STRIP = NO;
				DEBUG_INFORMATION_FORMAT = dwarf;
				ENABLE_STRICT_OBJC_MSGSEND = YES;
				ENABLE_TESTABILITY = YES;
				GCC_C_LANGUAGE_STANDARD = gnu11;
				GCC_DYNAMIC_NO_PIC = NO;
				GCC_NO_COMMON_BLOCKS = YES;
				GCC_OPTIMIZATION_LEVEL = 0;
				GCC_PREPROCESSOR_DEFINITIONS = (
					"DEBUG=1",
					"$(inherited)",
				);
				GCC_WARN_64_TO_32_BIT_CONVERSION = YES;
				GCC_WARN_ABOUT_RETURN_TYPE = YES_ERROR;
				GCC_WARN_UNDECLARED_SELECTOR = YES;
				GCC_WARN_UNINITIALIZED_AUTOS = YES_AGGRESSIVE;
				GCC_WARN_UNUSED_FUNCTION = YES;
				GCC_WARN_UNUSED_VARIABLE = YES;
				IPHONEOS_DEPLOYMENT_TARGET = 12.1;
				MTL_ENABLE_DEBUG_INFO = INCLUDE_SOURCE;
				MTL_FAST_MATH = YES;
				ONLY_ACTIVE_ARCH = YES;
				SDKROOT = iphoneos;
				SWIFT_ACTIVE_COMPILATION_CONDITIONS = DEBUG;
				SWIFT_OPTIMIZATION_LEVEL = "-Onone";
			};
			name = Debug;
		};
		1F217E962228601E0024D537 /* Release */ = {
			isa = XCBuildConfiguration;
			buildSettings = {
				ALWAYS_SEARCH_USER_PATHS = NO;
				CLANG_ANALYZER_NONNULL = YES;
				CLANG_ANALYZER_NUMBER_OBJECT_CONVERSION = YES_AGGRESSIVE;
				CLANG_CXX_LANGUAGE_STANDARD = "gnu++14";
				CLANG_CXX_LIBRARY = "libc++";
				CLANG_ENABLE_MODULES = YES;
				CLANG_ENABLE_OBJC_ARC = YES;
				CLANG_ENABLE_OBJC_WEAK = YES;
				CLANG_WARN_BLOCK_CAPTURE_AUTORELEASING = YES;
				CLANG_WARN_BOOL_CONVERSION = YES;
				CLANG_WARN_COMMA = YES;
				CLANG_WARN_CONSTANT_CONVERSION = YES;
				CLANG_WARN_DEPRECATED_OBJC_IMPLEMENTATIONS = YES;
				CLANG_WARN_DIRECT_OBJC_ISA_USAGE = YES_ERROR;
				CLANG_WARN_DOCUMENTATION_COMMENTS = YES;
				CLANG_WARN_EMPTY_BODY = YES;
				CLANG_WARN_ENUM_CONVERSION = YES;
				CLANG_WARN_INFINITE_RECURSION = YES;
				CLANG_WARN_INT_CONVERSION = YES;
				CLANG_WARN_NON_LITERAL_NULL_CONVERSION = YES;
				CLANG_WARN_OBJC_IMPLICIT_RETAIN_SELF = YES;
				CLANG_WARN_OBJC_LITERAL_CONVERSION = YES;
				CLANG_WARN_OBJC_ROOT_CLASS = YES_ERROR;
				CLANG_WARN_RANGE_LOOP_ANALYSIS = YES;
				CLANG_WARN_STRICT_PROTOTYPES = YES;
				CLANG_WARN_SUSPICIOUS_MOVE = YES;
				CLANG_WARN_UNGUARDED_AVAILABILITY = YES_AGGRESSIVE;
				CLANG_WARN_UNREACHABLE_CODE = YES;
				CLANG_WARN__DUPLICATE_METHOD_MATCH = YES;
				CODE_SIGN_IDENTITY = "iPhone Developer";
				COPY_PHASE_STRIP = NO;
				DEBUG_INFORMATION_FORMAT = "dwarf-with-dsym";
				ENABLE_NS_ASSERTIONS = NO;
				ENABLE_STRICT_OBJC_MSGSEND = YES;
				GCC_C_LANGUAGE_STANDARD = gnu11;
				GCC_NO_COMMON_BLOCKS = YES;
				GCC_WARN_64_TO_32_BIT_CONVERSION = YES;
				GCC_WARN_ABOUT_RETURN_TYPE = YES_ERROR;
				GCC_WARN_UNDECLARED_SELECTOR = YES;
				GCC_WARN_UNINITIALIZED_AUTOS = YES_AGGRESSIVE;
				GCC_WARN_UNUSED_FUNCTION = YES;
				GCC_WARN_UNUSED_VARIABLE = YES;
				IPHONEOS_DEPLOYMENT_TARGET = 12.1;
				MTL_ENABLE_DEBUG_INFO = NO;
				MTL_FAST_MATH = YES;
				SDKROOT = iphoneos;
				SWIFT_COMPILATION_MODE = wholemodule;
				SWIFT_OPTIMIZATION_LEVEL = "-O";
				VALIDATE_PRODUCT = YES;
			};
			name = Release;
		};
		1F217E982228601E0024D537 /* Debug */ = {
			isa = XCBuildConfiguration;
			buildSettings = {
				ASSETCATALOG_COMPILER_APPICON_NAME = AppIcon;
				ASSETCATALOG_COMPILER_LAUNCHIMAGE_NAME = LaunchImage;
				CODE_SIGN_STYLE = Automatic;
				DESTINATION_URL = "";
				DEVELOPMENT_TEAM = JBEYETDGSB;
				INFOPLIST_FILE = WTest/Info.plist;
				LD_RUNPATH_SEARCH_PATHS = (
					"$(inherited)",
					"@executable_path/Frameworks",
				);
				PRODUCT_BUNDLE_IDENTIFIER = com.nMfpCoding.WTest;
				PRODUCT_NAME = "$(TARGET_NAME)";
				SWIFT_VERSION = 4.2;
				TARGETED_DEVICE_FAMILY = "1,2";
			};
			name = Debug;
		};
		1F217E992228601E0024D537 /* Release */ = {
			isa = XCBuildConfiguration;
			buildSettings = {
				ASSETCATALOG_COMPILER_APPICON_NAME = AppIcon;
				ASSETCATALOG_COMPILER_LAUNCHIMAGE_NAME = LaunchImage;
				CODE_SIGN_STYLE = Automatic;
				DESTINATION_URL = "https://www.google.pt";
				DEVELOPMENT_TEAM = JBEYETDGSB;
				INFOPLIST_FILE = WTest/Info.plist;
				LD_RUNPATH_SEARCH_PATHS = (
					"$(inherited)",
					"@executable_path/Frameworks",
				);
				PRODUCT_BUNDLE_IDENTIFIER = com.nMfpCoding.WTest;
				PRODUCT_NAME = "$(TARGET_NAME)";
				SWIFT_VERSION = 4.2;
				TARGETED_DEVICE_FAMILY = "1,2";
			};
			name = Release;
		};
/* End XCBuildConfiguration section */

/* Begin XCConfigurationList section */
		1F217E802228601C0024D537 /* Build configuration list for PBXProject "WTest" */ = {
			isa = XCConfigurationList;
			buildConfigurations = (
				1F217E952228601E0024D537 /* Debug */,
				1F217E962228601E0024D537 /* Release */,
			);
			defaultConfigurationIsVisible = 0;
			defaultConfigurationName = Release;
		};
		1F217E972228601E0024D537 /* Build configuration list for PBXNativeTarget "WTest" */ = {
			isa = XCConfigurationList;
			buildConfigurations = (
				1F217E982228601E0024D537 /* Debug */,
				1F217E992228601E0024D537 /* Release */,
			);
			defaultConfigurationIsVisible = 0;
			defaultConfigurationName = Release;
		};
/* End XCConfigurationList section */

/* Begin XCVersionGroup section */
		1F217EB0222971870024D537 /* ZipcodeModel.xcdatamodeld */ = {
			isa = XCVersionGroup;
			children = (
				1F217EB1222971870024D537 /* ZipcodeModel.xcdatamodel */,
			);
			currentVersion = 1F217EB1222971870024D537 /* ZipcodeModel.xcdatamodel */;
			path = ZipcodeModel.xcdatamodeld;
			sourceTree = "<group>";
			versionGroupType = wrapper.xcdatamodel;
		};
/* End XCVersionGroup section */
	};
	rootObject = 1F217E7D2228601C0024D537 /* Project object */;
}
